<?xml version="1.0" encoding="utf-8"?>
<Project ToolsVersion="4.0" xmlns="http://schemas.microsoft.com/developer/msbuild/2003">
  <ItemGroup>
    <ClCompile Include="CommandDetails.cpp" />
    <ClCompile Include="Logic.cpp" />
    <ClCompile Include="Parser.cpp" />
    <ClCompile Include="Storage.cpp" />
    <ClCompile Include="UI.cpp" />
    <ClCompile Include="Main.cpp" />
  </ItemGroup>
  <ItemGroup>
    <ClInclude Include="CommandDetails.h" />
    <ClInclude Include="Logic.h" />
    <ClInclude Include="Parser.h" />
    <ClInclude Include="standardForm.h" />
    <ClInclude Include="Storage.h" />
    <ClInclude Include="UI.h" />
  </ItemGroup>
</Project>